// !$*UTF8*$!
{
	archiveVersion = 1;
	classes = {
	};
	objectVersion = 55;
	objects = {

/* Begin PBXBuildFile section */
		BE1A7195282A677000CA453C /* WeatherApp.swift in Sources */ = {isa = PBXBuildFile; fileRef = BE1A7194282A677000CA453C /* WeatherApp.swift */; };
		BE1A7197282A677000CA453C /* HomeView.swift in Sources */ = {isa = PBXBuildFile; fileRef = BE1A7196282A677000CA453C /* HomeView.swift */; };
		BE1A7199282A677800CA453C /* Assets.xcassets in Resources */ = {isa = PBXBuildFile; fileRef = BE1A7198282A677800CA453C /* Assets.xcassets */; };
		BE1A719C282A677800CA453C /* Preview Assets.xcassets in Resources */ = {isa = PBXBuildFile; fileRef = BE1A719B282A677800CA453C /* Preview Assets.xcassets */; };
		BE1A71A4282A6EF000CA453C /* CurrentWeatherView.swift in Sources */ = {isa = PBXBuildFile; fileRef = BE1A71A3282A6EF000CA453C /* CurrentWeatherView.swift */; };
		BE1A71A6282A9E6B00CA453C /* ChunkView.swift in Sources */ = {isa = PBXBuildFile; fileRef = BE1A71A5282A9E6B00CA453C /* ChunkView.swift */; };
		BE1A71A9282AA00B00CA453C /* Corners.swift in Sources */ = {isa = PBXBuildFile; fileRef = BE1A71A8282AA00B00CA453C /* Corners.swift */; };
		BE1A71AD282AB5DA00CA453C /* ForecastColumnView.swift in Sources */ = {isa = PBXBuildFile; fileRef = BE1A71AC282AB5DA00CA453C /* ForecastColumnView.swift */; };
		BE1A71B3282ADD3300CA453C /* CGFloat+Additions.swift in Sources */ = {isa = PBXBuildFile; fileRef = BE1A71B2282ADD3300CA453C /* CGFloat+Additions.swift */; };
		BE3B7D5E2838EEF000671CC1 /* Global.swift in Sources */ = {isa = PBXBuildFile; fileRef = BE3B7D5D2838EEF000671CC1 /* Global.swift */; };
		BEA4866C282BC88600C7EBD3 /* HourlyForecastView.swift in Sources */ = {isa = PBXBuildFile; fileRef = BEA4866B282BC88600C7EBD3 /* HourlyForecastView.swift */; };
		BEAC69AE28394FBC00990938 /* AirQualityView.swift in Sources */ = {isa = PBXBuildFile; fileRef = BEAC69AD28394FBC00990938 /* AirQualityView.swift */; };
		BEAC69B02839589300990938 /* UVIndexView.swift in Sources */ = {isa = PBXBuildFile; fileRef = BEAC69AF2839589300990938 /* UVIndexView.swift */; };
		BEAC69B228395B0A00990938 /* SunsetView.swift in Sources */ = {isa = PBXBuildFile; fileRef = BEAC69B128395B0A00990938 /* SunsetView.swift */; };
		BEAC69B42839608100990938 /* FeelsLikeView.swift in Sources */ = {isa = PBXBuildFile; fileRef = BEAC69B32839608100990938 /* FeelsLikeView.swift */; };
		BEAC69B6283964EF00990938 /* HumidityView.swift in Sources */ = {isa = PBXBuildFile; fileRef = BEAC69B5283964EF00990938 /* HumidityView.swift */; };
		BEAC69B8283965DE00990938 /* VisibilityView.swift in Sources */ = {isa = PBXBuildFile; fileRef = BEAC69B7283965DE00990938 /* VisibilityView.swift */; };
		BEAC69BA283966D700990938 /* PressureView.swift in Sources */ = {isa = PBXBuildFile; fileRef = BEAC69B9283966D700990938 /* PressureView.swift */; };
		BEAC69BC28396D2400990938 /* WindView.swift in Sources */ = {isa = PBXBuildFile; fileRef = BEAC69BB28396D2400990938 /* WindView.swift */; };
		BEB2053528380507005AC286 /* FramePreferenceKey.swift in Sources */ = {isa = PBXBuildFile; fileRef = BEB2053428380507005AC286 /* FramePreferenceKey.swift */; };
/* End PBXBuildFile section */

/* Begin PBXFileReference section */
		BE1A7191282A677000CA453C /* Weather.app */ = {isa = PBXFileReference; explicitFileType = wrapper.application; includeInIndex = 0; path = Weather.app; sourceTree = BUILT_PRODUCTS_DIR; };
		BE1A7194282A677000CA453C /* WeatherApp.swift */ = {isa = PBXFileReference; lastKnownFileType = sourcecode.swift; path = WeatherApp.swift; sourceTree = "<group>"; };
		BE1A7196282A677000CA453C /* HomeView.swift */ = {isa = PBXFileReference; lastKnownFileType = sourcecode.swift; path = HomeView.swift; sourceTree = "<group>"; };
		BE1A7198282A677800CA453C /* Assets.xcassets */ = {isa = PBXFileReference; lastKnownFileType = folder.assetcatalog; path = Assets.xcassets; sourceTree = "<group>"; };
		BE1A719B282A677800CA453C /* Preview Assets.xcassets */ = {isa = PBXFileReference; lastKnownFileType = folder.assetcatalog; path = "Preview Assets.xcassets"; sourceTree = "<group>"; };
		BE1A71A3282A6EF000CA453C /* CurrentWeatherView.swift */ = {isa = PBXFileReference; lastKnownFileType = sourcecode.swift; path = CurrentWeatherView.swift; sourceTree = "<group>"; };
		BE1A71A5282A9E6B00CA453C /* ChunkView.swift */ = {isa = PBXFileReference; lastKnownFileType = sourcecode.swift; path = ChunkView.swift; sourceTree = "<group>"; };
		BE1A71A8282AA00B00CA453C /* Corners.swift */ = {isa = PBXFileReference; lastKnownFileType = sourcecode.swift; path = Corners.swift; sourceTree = "<group>"; };
		BE1A71AC282AB5DA00CA453C /* ForecastColumnView.swift */ = {isa = PBXFileReference; lastKnownFileType = sourcecode.swift; path = ForecastColumnView.swift; sourceTree = "<group>"; };
		BE1A71B2282ADD3300CA453C /* CGFloat+Additions.swift */ = {isa = PBXFileReference; lastKnownFileType = sourcecode.swift; path = "CGFloat+Additions.swift"; sourceTree = "<group>"; };
		BE3B7D5D2838EEF000671CC1 /* Global.swift */ = {isa = PBXFileReference; lastKnownFileType = sourcecode.swift; path = Global.swift; sourceTree = "<group>"; };
		BEA4866B282BC88600C7EBD3 /* HourlyForecastView.swift */ = {isa = PBXFileReference; lastKnownFileType = sourcecode.swift; path = HourlyForecastView.swift; sourceTree = "<group>"; };
		BEAC69AD28394FBC00990938 /* AirQualityView.swift */ = {isa = PBXFileReference; lastKnownFileType = sourcecode.swift; path = AirQualityView.swift; sourceTree = "<group>"; };
		BEAC69AF2839589300990938 /* UVIndexView.swift */ = {isa = PBXFileReference; lastKnownFileType = sourcecode.swift; path = UVIndexView.swift; sourceTree = "<group>"; };
		BEAC69B128395B0A00990938 /* SunsetView.swift */ = {isa = PBXFileReference; lastKnownFileType = sourcecode.swift; path = SunsetView.swift; sourceTree = "<group>"; };
		BEAC69B32839608100990938 /* FeelsLikeView.swift */ = {isa = PBXFileReference; lastKnownFileType = sourcecode.swift; path = FeelsLikeView.swift; sourceTree = "<group>"; };
		BEAC69B5283964EF00990938 /* HumidityView.swift */ = {isa = PBXFileReference; lastKnownFileType = sourcecode.swift; path = HumidityView.swift; sourceTree = "<group>"; };
		BEAC69B7283965DE00990938 /* VisibilityView.swift */ = {isa = PBXFileReference; lastKnownFileType = sourcecode.swift; path = VisibilityView.swift; sourceTree = "<group>"; };
		BEAC69B9283966D700990938 /* PressureView.swift */ = {isa = PBXFileReference; lastKnownFileType = sourcecode.swift; path = PressureView.swift; sourceTree = "<group>"; };
		BEAC69BB28396D2400990938 /* WindView.swift */ = {isa = PBXFileReference; lastKnownFileType = sourcecode.swift; path = WindView.swift; sourceTree = "<group>"; };
		BEB2053428380507005AC286 /* FramePreferenceKey.swift */ = {isa = PBXFileReference; lastKnownFileType = sourcecode.swift; path = FramePreferenceKey.swift; sourceTree = "<group>"; };
/* End PBXFileReference section */

/* Begin PBXFrameworksBuildPhase section */
		BE1A718E282A677000CA453C /* Frameworks */ = {
			isa = PBXFrameworksBuildPhase;
			buildActionMask = 2147483647;
			files = (
			);
			runOnlyForDeploymentPostprocessing = 0;
		};
/* End PBXFrameworksBuildPhase section */

/* Begin PBXGroup section */
		BE1A7188282A677000CA453C = {
			isa = PBXGroup;
			children = (
				BE1A7193282A677000CA453C /* Weather */,
				BE1A7192282A677000CA453C /* Products */,
			);
			sourceTree = "<group>";
		};
		BE1A7192282A677000CA453C /* Products */ = {
			isa = PBXGroup;
			children = (
				BE1A7191282A677000CA453C /* Weather.app */,
			);
			name = Products;
			sourceTree = "<group>";
		};
		BE1A7193282A677000CA453C /* Weather */ = {
			isa = PBXGroup;
			children = (
				BE1A7194282A677000CA453C /* WeatherApp.swift */,
				BE3B7D5D2838EEF000671CC1 /* Global.swift */,
				BE1A71A2282A6ED100CA453C /* Views */,
				BE1A71B1282ADCCA00CA453C /* Extensions */,
				BE1A7198282A677800CA453C /* Assets.xcassets */,
				BE1A719A282A677800CA453C /* Preview Content */,
			);
			path = Weather;
			sourceTree = "<group>";
		};
		BE1A719A282A677800CA453C /* Preview Content */ = {
			isa = PBXGroup;
			children = (
				BE1A719B282A677800CA453C /* Preview Assets.xcassets */,
			);
			path = "Preview Content";
			sourceTree = "<group>";
		};
		BE1A71A2282A6ED100CA453C /* Views */ = {
			isa = PBXGroup;
			children = (
				BEB20533283804EF005AC286 /* PreferenceKeys */,
				BE1A71A7282A9FE400CA453C /* Shapes */,
				BEA4866A282BC83D00C7EBD3 /* ForecastViews */,
				BE1A7196282A677000CA453C /* HomeView.swift */,
				BE1A71A3282A6EF000CA453C /* CurrentWeatherView.swift */,
				BE1A71A5282A9E6B00CA453C /* ChunkView.swift */,
				BEAC69AD28394FBC00990938 /* AirQualityView.swift */,
				BEAC69AF2839589300990938 /* UVIndexView.swift */,
				BEAC69B128395B0A00990938 /* SunsetView.swift */,
				BEAC69B32839608100990938 /* FeelsLikeView.swift */,
				BEAC69B5283964EF00990938 /* HumidityView.swift */,
				BEAC69B7283965DE00990938 /* VisibilityView.swift */,
				BEAC69B9283966D700990938 /* PressureView.swift */,
				BEAC69BB28396D2400990938 /* WindView.swift */,
			);
			path = Views;
			sourceTree = "<group>";
		};
		BE1A71A7282A9FE400CA453C /* Shapes */ = {
			isa = PBXGroup;
			children = (
				BE1A71A8282AA00B00CA453C /* Corners.swift */,
			);
			path = Shapes;
			sourceTree = "<group>";
		};
		BE1A71B1282ADCCA00CA453C /* Extensions */ = {
			isa = PBXGroup;
			children = (
				BE1A71B2282ADD3300CA453C /* CGFloat+Additions.swift */,
			);
			path = Extensions;
			sourceTree = "<group>";
		};
		BEA4866A282BC83D00C7EBD3 /* ForecastViews */ = {
			isa = PBXGroup;
			children = (
				BE1A71AC282AB5DA00CA453C /* ForecastColumnView.swift */,
				BEA4866B282BC88600C7EBD3 /* HourlyForecastView.swift */,
			);
			path = ForecastViews;
			sourceTree = "<group>";
		};
		BEB20533283804EF005AC286 /* PreferenceKeys */ = {
			isa = PBXGroup;
			children = (
				BEB2053428380507005AC286 /* FramePreferenceKey.swift */,
			);
			path = PreferenceKeys;
			sourceTree = "<group>";
		};
/* End PBXGroup section */

/* Begin PBXNativeTarget section */
		BE1A7190282A677000CA453C /* Weather */ = {
			isa = PBXNativeTarget;
			buildConfigurationList = BE1A719F282A677800CA453C /* Build configuration list for PBXNativeTarget "Weather" */;
			buildPhases = (
				BE1A718D282A677000CA453C /* Sources */,
				BE1A718E282A677000CA453C /* Frameworks */,
				BE1A718F282A677000CA453C /* Resources */,
			);
			buildRules = (
			);
			dependencies = (
			);
			name = Weather;
			productName = Weather;
			productReference = BE1A7191282A677000CA453C /* Weather.app */;
			productType = "com.apple.product-type.application";
		};
/* End PBXNativeTarget section */

/* Begin PBXProject section */
		BE1A7189282A677000CA453C /* Project object */ = {
			isa = PBXProject;
			attributes = {
				BuildIndependentTargetsInParallel = 1;
				LastSwiftUpdateCheck = 1330;
				LastUpgradeCheck = 1330;
				TargetAttributes = {
					BE1A7190282A677000CA453C = {
						CreatedOnToolsVersion = 13.3.1;
					};
				};
			};
			buildConfigurationList = BE1A718C282A677000CA453C /* Build configuration list for PBXProject "Weather" */;
			compatibilityVersion = "Xcode 13.0";
			developmentRegion = en;
			hasScannedForEncodings = 0;
			knownRegions = (
				en,
				Base,
			);
			mainGroup = BE1A7188282A677000CA453C;
			productRefGroup = BE1A7192282A677000CA453C /* Products */;
			projectDirPath = "";
			projectRoot = "";
			targets = (
				BE1A7190282A677000CA453C /* Weather */,
			);
		};
/* End PBXProject section */

/* Begin PBXResourcesBuildPhase section */
		BE1A718F282A677000CA453C /* Resources */ = {
			isa = PBXResourcesBuildPhase;
			buildActionMask = 2147483647;
			files = (
				BE1A719C282A677800CA453C /* Preview Assets.xcassets in Resources */,
				BE1A7199282A677800CA453C /* Assets.xcassets in Resources */,
			);
			runOnlyForDeploymentPostprocessing = 0;
		};
/* End PBXResourcesBuildPhase section */

/* Begin PBXSourcesBuildPhase section */
		BE1A718D282A677000CA453C /* Sources */ = {
			isa = PBXSourcesBuildPhase;
			buildActionMask = 2147483647;
			files = (
				BEA4866C282BC88600C7EBD3 /* HourlyForecastView.swift in Sources */,
				BE1A71A4282A6EF000CA453C /* CurrentWeatherView.swift in Sources */,
				BEAC69B8283965DE00990938 /* VisibilityView.swift in Sources */,
				BEB2053528380507005AC286 /* FramePreferenceKey.swift in Sources */,
				BE1A71A9282AA00B00CA453C /* Corners.swift in Sources */,
				BE1A71B3282ADD3300CA453C /* CGFloat+Additions.swift in Sources */,
				BE1A71AD282AB5DA00CA453C /* ForecastColumnView.swift in Sources */,
				BE1A7197282A677000CA453C /* HomeView.swift in Sources */,
				BEAC69AE28394FBC00990938 /* AirQualityView.swift in Sources */,
				BE3B7D5E2838EEF000671CC1 /* Global.swift in Sources */,
				BEAC69B42839608100990938 /* FeelsLikeView.swift in Sources */,
				BE1A71A6282A9E6B00CA453C /* ChunkView.swift in Sources */,
				BEAC69BC28396D2400990938 /* WindView.swift in Sources */,
				BEAC69B02839589300990938 /* UVIndexView.swift in Sources */,
				BEAC69BA283966D700990938 /* PressureView.swift in Sources */,
				BEAC69B6283964EF00990938 /* HumidityView.swift in Sources */,
				BEAC69B228395B0A00990938 /* SunsetView.swift in Sources */,
				BE1A7195282A677000CA453C /* WeatherApp.swift in Sources */,
			);
			runOnlyForDeploymentPostprocessing = 0;
		};
/* End PBXSourcesBuildPhase section */

/* Begin XCBuildConfiguration section */
		BE1A719D282A677800CA453C /* Debug */ = {
			isa = XCBuildConfiguration;
			buildSettings = {
				ALWAYS_SEARCH_USER_PATHS = NO;
				CLANG_ANALYZER_NONNULL = YES;
				CLANG_ANALYZER_NUMBER_OBJECT_CONVERSION = YES_AGGRESSIVE;
				CLANG_CXX_LANGUAGE_STANDARD = "gnu++17";
				CLANG_ENABLE_MODULES = YES;
				CLANG_ENABLE_OBJC_ARC = YES;
				CLANG_ENABLE_OBJC_WEAK = YES;
				CLANG_WARN_BLOCK_CAPTURE_AUTORELEASING = YES;
				CLANG_WARN_BOOL_CONVERSION = YES;
				CLANG_WARN_COMMA = YES;
				CLANG_WARN_CONSTANT_CONVERSION = YES;
				CLANG_WARN_DEPRECATED_OBJC_IMPLEMENTATIONS = YES;
				CLANG_WARN_DIRECT_OBJC_ISA_USAGE = YES_ERROR;
				CLANG_WARN_DOCUMENTATION_COMMENTS = YES;
				CLANG_WARN_EMPTY_BODY = YES;
				CLANG_WARN_ENUM_CONVERSION = YES;
				CLANG_WARN_INFINITE_RECURSION = YES;
				CLANG_WARN_INT_CONVERSION = YES;
				CLANG_WARN_NON_LITERAL_NULL_CONVERSION = YES;
				CLANG_WARN_OBJC_IMPLICIT_RETAIN_SELF = YES;
				CLANG_WARN_OBJC_LITERAL_CONVERSION = YES;
				CLANG_WARN_OBJC_ROOT_CLASS = YES_ERROR;
				CLANG_WARN_QUOTED_INCLUDE_IN_FRAMEWORK_HEADER = YES;
				CLANG_WARN_RANGE_LOOP_ANALYSIS = YES;
				CLANG_WARN_STRICT_PROTOTYPES = YES;
				CLANG_WARN_SUSPICIOUS_MOVE = YES;
				CLANG_WARN_UNGUARDED_AVAILABILITY = YES_AGGRESSIVE;
				CLANG_WARN_UNREACHABLE_CODE = YES;
				CLANG_WARN__DUPLICATE_METHOD_MATCH = YES;
				COPY_PHASE_STRIP = NO;
				DEBUG_INFORMATION_FORMAT = dwarf;
				ENABLE_STRICT_OBJC_MSGSEND = YES;
				ENABLE_TESTABILITY = YES;
				GCC_C_LANGUAGE_STANDARD = gnu11;
				GCC_DYNAMIC_NO_PIC = NO;
				GCC_NO_COMMON_BLOCKS = YES;
				GCC_OPTIMIZATION_LEVEL = 0;
				GCC_PREPROCESSOR_DEFINITIONS = (
					"DEBUG=1",
					"$(inherited)",
				);
				GCC_WARN_64_TO_32_BIT_CONVERSION = YES;
				GCC_WARN_ABOUT_RETURN_TYPE = YES_ERROR;
				GCC_WARN_UNDECLARED_SELECTOR = YES;
				GCC_WARN_UNINITIALIZED_AUTOS = YES_AGGRESSIVE;
				GCC_WARN_UNUSED_FUNCTION = YES;
				GCC_WARN_UNUSED_VARIABLE = YES;
				IPHONEOS_DEPLOYMENT_TARGET = 15.4;
				MTL_ENABLE_DEBUG_INFO = INCLUDE_SOURCE;
				MTL_FAST_MATH = YES;
				ONLY_ACTIVE_ARCH = YES;
				SDKROOT = iphoneos;
				SWIFT_ACTIVE_COMPILATION_CONDITIONS = DEBUG;
				SWIFT_OPTIMIZATION_LEVEL = "-Onone";
			};
			name = Debug;
		};
		BE1A719E282A677800CA453C /* Release */ = {
			isa = XCBuildConfiguration;
			buildSettings = {
				ALWAYS_SEARCH_USER_PATHS = NO;
				CLANG_ANALYZER_NONNULL = YES;
				CLANG_ANALYZER_NUMBER_OBJECT_CONVERSION = YES_AGGRESSIVE;
				CLANG_CXX_LANGUAGE_STANDARD = "gnu++17";
				CLANG_ENABLE_MODULES = YES;
				CLANG_ENABLE_OBJC_ARC = YES;
				CLANG_ENABLE_OBJC_WEAK = YES;
				CLANG_WARN_BLOCK_CAPTURE_AUTORELEASING = YES;
				CLANG_WARN_BOOL_CONVERSION = YES;
				CLANG_WARN_COMMA = YES;
				CLANG_WARN_CONSTANT_CONVERSION = YES;
				CLANG_WARN_DEPRECATED_OBJC_IMPLEMENTATIONS = YES;
				CLANG_WARN_DIRECT_OBJC_ISA_USAGE = YES_ERROR;
				CLANG_WARN_DOCUMENTATION_COMMENTS = YES;
				CLANG_WARN_EMPTY_BODY = YES;
				CLANG_WARN_ENUM_CONVERSION = YES;
				CLANG_WARN_INFINITE_RECURSION = YES;
				CLANG_WARN_INT_CONVERSION = YES;
				CLANG_WARN_NON_LITERAL_NULL_CONVERSION = YES;
				CLANG_WARN_OBJC_IMPLICIT_RETAIN_SELF = YES;
				CLANG_WARN_OBJC_LITERAL_CONVERSION = YES;
				CLANG_WARN_OBJC_ROOT_CLASS = YES_ERROR;
				CLANG_WARN_QUOTED_INCLUDE_IN_FRAMEWORK_HEADER = YES;
				CLANG_WARN_RANGE_LOOP_ANALYSIS = YES;
				CLANG_WARN_STRICT_PROTOTYPES = YES;
				CLANG_WARN_SUSPICIOUS_MOVE = YES;
				CLANG_WARN_UNGUARDED_AVAILABILITY = YES_AGGRESSIVE;
				CLANG_WARN_UNREACHABLE_CODE = YES;
				CLANG_WARN__DUPLICATE_METHOD_MATCH = YES;
				COPY_PHASE_STRIP = NO;
				DEBUG_INFORMATION_FORMAT = "dwarf-with-dsym";
				ENABLE_NS_ASSERTIONS = NO;
				ENABLE_STRICT_OBJC_MSGSEND = YES;
				GCC_C_LANGUAGE_STANDARD = gnu11;
				GCC_NO_COMMON_BLOCKS = YES;
				GCC_WARN_64_TO_32_BIT_CONVERSION = YES;
				GCC_WARN_ABOUT_RETURN_TYPE = YES_ERROR;
				GCC_WARN_UNDECLARED_SELECTOR = YES;
				GCC_WARN_UNINITIALIZED_AUTOS = YES_AGGRESSIVE;
				GCC_WARN_UNUSED_FUNCTION = YES;
				GCC_WARN_UNUSED_VARIABLE = YES;
				IPHONEOS_DEPLOYMENT_TARGET = 15.4;
				MTL_ENABLE_DEBUG_INFO = NO;
				MTL_FAST_MATH = YES;
				SDKROOT = iphoneos;
				SWIFT_COMPILATION_MODE = wholemodule;
				SWIFT_OPTIMIZATION_LEVEL = "-O";
				VALIDATE_PRODUCT = YES;
			};
			name = Release;
		};
		BE1A71A0282A677800CA453C /* Debug */ = {
			isa = XCBuildConfiguration;
			buildSettings = {
				ASSETCATALOG_COMPILER_APPICON_NAME = AppIcon;
				ASSETCATALOG_COMPILER_GLOBAL_ACCENT_COLOR_NAME = AccentColor;
				CODE_SIGN_STYLE = Automatic;
				CURRENT_PROJECT_VERSION = 1;
				DEVELOPMENT_ASSET_PATHS = "\"Weather/Preview Content\"";
				DEVELOPMENT_TEAM = DV4M5VPD3C;
				ENABLE_PREVIEWS = YES;
				GENERATE_INFOPLIST_FILE = YES;
				INFOPLIST_KEY_UIApplicationSceneManifest_Generation = YES;
				INFOPLIST_KEY_UIApplicationSupportsIndirectInputEvents = YES;
				INFOPLIST_KEY_UILaunchScreen_Generation = YES;
				INFOPLIST_KEY_UISupportedInterfaceOrientations = UIInterfaceOrientationPortrait;
				INFOPLIST_KEY_UISupportedInterfaceOrientations_iPad = "UIInterfaceOrientationPortrait UIInterfaceOrientationPortraitUpsideDown UIInterfaceOrientationLandscapeLeft UIInterfaceOrientationLandscapeRight";
				INFOPLIST_KEY_UISupportedInterfaceOrientations_iPhone = "UIInterfaceOrientationPortrait UIInterfaceOrientationLandscapeLeft UIInterfaceOrientationLandscapeRight";
				IPHONEOS_DEPLOYMENT_TARGET = 15.0;
				LD_RUNPATH_SEARCH_PATHS = (
					"$(inherited)",
					"@executable_path/Frameworks",
				);
				MARKETING_VERSION = 1.0;
				PRODUCT_BUNDLE_IDENTIFIER = com.tszlung.Weather;
				PRODUCT_NAME = "$(TARGET_NAME)";
				SWIFT_EMIT_LOC_STRINGS = YES;
				SWIFT_VERSION = 5.0;
				TARGETED_DEVICE_FAMILY = 1;
			};
			name = Debug;
		};
		BE1A71A1282A677800CA453C /* Release */ = {
			isa = XCBuildConfiguration;
			buildSettings = {
				ASSETCATALOG_COMPILER_APPICON_NAME = AppIcon;
				ASSETCATALOG_COMPILER_GLOBAL_ACCENT_COLOR_NAME = AccentColor;
				CODE_SIGN_STYLE = Automatic;
				CURRENT_PROJECT_VERSION = 1;
				DEVELOPMENT_ASSET_PATHS = "\"Weather/Preview Content\"";
				DEVELOPMENT_TEAM = DV4M5VPD3C;
				ENABLE_PREVIEWS = YES;
				GENERATE_INFOPLIST_FILE = YES;
				INFOPLIST_KEY_UIApplicationSceneManifest_Generation = YES;
				INFOPLIST_KEY_UIApplicationSupportsIndirectInputEvents = YES;
				INFOPLIST_KEY_UILaunchScreen_Generation = YES;
				INFOPLIST_KEY_UISupportedInterfaceOrientations = UIInterfaceOrientationPortrait;
				INFOPLIST_KEY_UISupportedInterfaceOrientations_iPad = "UIInterfaceOrientationPortrait UIInterfaceOrientationPortraitUpsideDown UIInterfaceOrientationLandscapeLeft UIInterfaceOrientationLandscapeRight";
				INFOPLIST_KEY_UISupportedInterfaceOrientations_iPhone = "UIInterfaceOrientationPortrait UIInterfaceOrientationLandscapeLeft UIInterfaceOrientationLandscapeRight";
				IPHONEOS_DEPLOYMENT_TARGET = 15.0;
				LD_RUNPATH_SEARCH_PATHS = (
					"$(inherited)",
					"@executable_path/Frameworks",
				);
				MARKETING_VERSION = 1.0;
				PRODUCT_BUNDLE_IDENTIFIER = com.tszlung.Weather;
				PRODUCT_NAME = "$(TARGET_NAME)";
				SWIFT_EMIT_LOC_STRINGS = YES;
				SWIFT_VERSION = 5.0;
				TARGETED_DEVICE_FAMILY = 1;
			};
			name = Release;
		};
/* End XCBuildConfiguration section */

/* Begin XCConfigurationList section */
		BE1A718C282A677000CA453C /* Build configuration list for PBXProject "Weather" */ = {
			isa = XCConfigurationList;
			buildConfigurations = (
				BE1A719D282A677800CA453C /* Debug */,
				BE1A719E282A677800CA453C /* Release */,
			);
			defaultConfigurationIsVisible = 0;
			defaultConfigurationName = Release;
		};
		BE1A719F282A677800CA453C /* Build configuration list for PBXNativeTarget "Weather" */ = {
			isa = XCConfigurationList;
			buildConfigurations = (
				BE1A71A0282A677800CA453C /* Debug */,
				BE1A71A1282A677800CA453C /* Release */,
			);
			defaultConfigurationIsVisible = 0;
			defaultConfigurationName = Release;
		};
/* End XCConfigurationList section */
	};
	rootObject = BE1A7189282A677000CA453C /* Project object */;
}
